
Microsoft Visual Studio Solution File, Format Version 12.00
# Visual Studio Version 17
VisualStudioVersion = 17.11.35303.130
MinimumVisualStudioVersion = 10.0.40219.1
Project("{9A19103F-16F7-4668-BE54-9A1E7A4F7556}") = "WonderLab", "WonderLab\WonderLab.csproj", "{B8DF046B-9538-4D2D-A8B3-B7165C79D486}"
EndProject
Project("{9A19103F-16F7-4668-BE54-9A1E7A4F7556}") = "WonderLab.Desktop", "WonderLab.Desktop\WonderLab.Desktop.csproj", "{879310C4-5CC2-4B39-9031-F4D762DEDBE4}"
EndProject
Project("{9A19103F-16F7-4668-BE54-9A1E7A4F7556}") = "WonderLab.Infrastructure", "WonderLab.Infrastructure\WonderLab.Infrastructure.csproj", "{B7244E16-1C2D-48B8-8EF9-AD6BFA2CB984}"
EndProject
Global
	GlobalSection(SolutionConfigurationPlatforms) = preSolution
		Debug|Any CPU = Debug|Any CPU
		Release|Any CPU = Release|Any CPU
	EndGlobalSection
	GlobalSection(ProjectConfigurationPlatforms) = postSolution
		{B8DF046B-9538-4D2D-A8B3-B7165C79D486}.Debug|Any CPU.ActiveCfg = Debug|Any CPU
		{B8DF046B-9538-4D2D-A8B3-B7165C79D486}.Debug|Any CPU.Build.0 = Debug|Any CPU
		{B8DF046B-9538-4D2D-A8B3-B7165C79D486}.Release|Any CPU.ActiveCfg = Release|Any CPU
		{B8DF046B-9538-4D2D-A8B3-B7165C79D486}.Release|Any CPU.Build.0 = Release|Any CPU
		{879310C4-5CC2-4B39-9031-F4D762DEDBE4}.Debug|Any CPU.ActiveCfg = Debug|Any CPU
		{879310C4-5CC2-4B39-9031-F4D762DEDBE4}.Debug|Any CPU.Build.0 = Debug|Any CPU
		{879310C4-5CC2-4B39-9031-F4D762DEDBE4}.Release|Any CPU.ActiveCfg = Release|Any CPU
		{879310C4-5CC2-4B39-9031-F4D762DEDBE4}.Release|Any CPU.Build.0 = Release|Any CPU
		{B7244E16-1C2D-48B8-8EF9-AD6BFA2CB984}.Debug|Any CPU.ActiveCfg = Debug|Any CPU
		{B7244E16-1C2D-48B8-8EF9-AD6BFA2CB984}.Debug|Any CPU.Build.0 = Debug|Any CPU
		{B7244E16-1C2D-48B8-8EF9-AD6BFA2CB984}.Release|Any CPU.ActiveCfg = Release|Any CPU
		{B7244E16-1C2D-48B8-8EF9-AD6BFA2CB984}.Release|Any CPU.Build.0 = Release|Any CPU
	EndGlobalSection
	GlobalSection(SolutionProperties) = preSolution
		HideSolutionNode = FALSE
	EndGlobalSection
	GlobalSection(ExtensibilityGlobals) = postSolution
		SolutionGuid = {0C808D3E-F7AB-41DF-B008-C4C9026BCDCE}
	EndGlobalSection
EndGlobal
